// !$*UTF8*$!
{
	archiveVersion = 1;
	classes = {
	};
	objectVersion = 50;
	objects = {

/* Begin PBXBuildFile section */
		3E2200002339C8DD005FE5D1 /* JobInfoViewController.swift in Sources */ = {isa = PBXBuildFile; fileRef = 3E22FFFE2339C8DD005FE5D1 /* JobInfoViewController.swift */; };
		3E2200012339C8DD005FE5D1 /* JobInfoViewController.swift in Sources */ = {isa = PBXBuildFile; fileRef = 3E22FFFE2339C8DD005FE5D1 /* JobInfoViewController.swift */; };
		3E2200022339C8DD005FE5D1 /* JobInfoViewController.swift in Sources */ = {isa = PBXBuildFile; fileRef = 3E22FFFE2339C8DD005FE5D1 /* JobInfoViewController.swift */; };
		3E2200032339C8DD005FE5D1 /* JobInfoViewController.xib in Resources */ = {isa = PBXBuildFile; fileRef = 3E22FFFF2339C8DD005FE5D1 /* JobInfoViewController.xib */; };
		3E2200042339C8DD005FE5D1 /* JobInfoViewController.xib in Resources */ = {isa = PBXBuildFile; fileRef = 3E22FFFF2339C8DD005FE5D1 /* JobInfoViewController.xib */; };
		3E2200052339C8DD005FE5D1 /* JobInfoViewController.xib in Resources */ = {isa = PBXBuildFile; fileRef = 3E22FFFF2339C8DD005FE5D1 /* JobInfoViewController.xib */; };
		3E22000C233ACB5F005FE5D1 /* AboutMeViewControllerTest.swift in Sources */ = {isa = PBXBuildFile; fileRef = 3E22000A233ACB5F005FE5D1 /* AboutMeViewControllerTest.swift */; };
		3E22000E233ACD93005FE5D1 /* WebServiceTest.swift in Sources */ = {isa = PBXBuildFile; fileRef = 3E22000D233ACD93005FE5D1 /* WebServiceTest.swift */; };
		3E220010233AD1CE005FE5D1 /* MyCVUITestIphonex.swift in Sources */ = {isa = PBXBuildFile; fileRef = 3E22000F233AD1CE005FE5D1 /* MyCVUITestIphonex.swift */; };
		3E22FF5923385CD7005FE5D1 /* AppDelegate.swift in Sources */ = {isa = PBXBuildFile; fileRef = 3E22FF5823385CD7005FE5D1 /* AppDelegate.swift */; };
		3E22FF5E23385CD7005FE5D1 /* Main.storyboard in Resources */ = {isa = PBXBuildFile; fileRef = 3E22FF5C23385CD7005FE5D1 /* Main.storyboard */; };
		3E22FF6023385CD9005FE5D1 /* Assets.xcassets in Resources */ = {isa = PBXBuildFile; fileRef = 3E22FF5F23385CD9005FE5D1 /* Assets.xcassets */; };
		3E22FF6323385CD9005FE5D1 /* LaunchScreen.storyboard in Resources */ = {isa = PBXBuildFile; fileRef = 3E22FF6123385CD9005FE5D1 /* LaunchScreen.storyboard */; };
		3E22FF7923385CDA005FE5D1 /* MyCVUITests.swift in Sources */ = {isa = PBXBuildFile; fileRef = 3E22FF7823385CDA005FE5D1 /* MyCVUITests.swift */; };
		3E22FF8E23386E7B005FE5D1 /* AboutMeViewController.swift in Sources */ = {isa = PBXBuildFile; fileRef = 3E22FF8D23386E7B005FE5D1 /* AboutMeViewController.swift */; };
		3E22FF8F23386E7B005FE5D1 /* AboutMeViewController.swift in Sources */ = {isa = PBXBuildFile; fileRef = 3E22FF8D23386E7B005FE5D1 /* AboutMeViewController.swift */; };
		3E22FF9023386E7B005FE5D1 /* AboutMeViewController.swift in Sources */ = {isa = PBXBuildFile; fileRef = 3E22FF8D23386E7B005FE5D1 /* AboutMeViewController.swift */; };
		3E22FF9223386F5E005FE5D1 /* BaseViewController.swift in Sources */ = {isa = PBXBuildFile; fileRef = 3E22FF9123386F5E005FE5D1 /* BaseViewController.swift */; };
		3E22FF9323386F5E005FE5D1 /* BaseViewController.swift in Sources */ = {isa = PBXBuildFile; fileRef = 3E22FF9123386F5E005FE5D1 /* BaseViewController.swift */; };
		3E22FF9423386F5E005FE5D1 /* BaseViewController.swift in Sources */ = {isa = PBXBuildFile; fileRef = 3E22FF9123386F5E005FE5D1 /* BaseViewController.swift */; };
		3E22FF9623386FBE005FE5D1 /* Constants.swift in Sources */ = {isa = PBXBuildFile; fileRef = 3E22FF9523386FBE005FE5D1 /* Constants.swift */; };
		3E22FF9723386FBE005FE5D1 /* Constants.swift in Sources */ = {isa = PBXBuildFile; fileRef = 3E22FF9523386FBE005FE5D1 /* Constants.swift */; };
		3E22FF9823386FBE005FE5D1 /* Constants.swift in Sources */ = {isa = PBXBuildFile; fileRef = 3E22FF9523386FBE005FE5D1 /* Constants.swift */; };
		3E22FF9A2338729A005FE5D1 /* UIColor+Extension.swift in Sources */ = {isa = PBXBuildFile; fileRef = 3E22FF992338729A005FE5D1 /* UIColor+Extension.swift */; };
		3E22FF9B2338729A005FE5D1 /* UIColor+Extension.swift in Sources */ = {isa = PBXBuildFile; fileRef = 3E22FF992338729A005FE5D1 /* UIColor+Extension.swift */; };
		3E22FF9C2338729A005FE5D1 /* UIColor+Extension.swift in Sources */ = {isa = PBXBuildFile; fileRef = 3E22FF992338729A005FE5D1 /* UIColor+Extension.swift */; };
		3E22FFA123387650005FE5D1 /* AboutMeHeaderTableViewCell.swift in Sources */ = {isa = PBXBuildFile; fileRef = 3E22FF9F23387650005FE5D1 /* AboutMeHeaderTableViewCell.swift */; };
		3E22FFA223387650005FE5D1 /* AboutMeHeaderTableViewCell.swift in Sources */ = {isa = PBXBuildFile; fileRef = 3E22FF9F23387650005FE5D1 /* AboutMeHeaderTableViewCell.swift */; };
		3E22FFA323387650005FE5D1 /* AboutMeHeaderTableViewCell.swift in Sources */ = {isa = PBXBuildFile; fileRef = 3E22FF9F23387650005FE5D1 /* AboutMeHeaderTableViewCell.swift */; };
		3E22FFA423387650005FE5D1 /* AboutMeHeaderTableViewCell.xib in Resources */ = {isa = PBXBuildFile; fileRef = 3E22FFA023387650005FE5D1 /* AboutMeHeaderTableViewCell.xib */; };
		3E22FFA523387650005FE5D1 /* AboutMeHeaderTableViewCell.xib in Resources */ = {isa = PBXBuildFile; fileRef = 3E22FFA023387650005FE5D1 /* AboutMeHeaderTableViewCell.xib */; };
		3E22FFA623387650005FE5D1 /* AboutMeHeaderTableViewCell.xib in Resources */ = {isa = PBXBuildFile; fileRef = 3E22FFA023387650005FE5D1 /* AboutMeHeaderTableViewCell.xib */; };
		3E22FFA823387A32005FE5D1 /* NSObject+Extension.swift in Sources */ = {isa = PBXBuildFile; fileRef = 3E22FFA723387A32005FE5D1 /* NSObject+Extension.swift */; };
		3E22FFA923387A32005FE5D1 /* NSObject+Extension.swift in Sources */ = {isa = PBXBuildFile; fileRef = 3E22FFA723387A32005FE5D1 /* NSObject+Extension.swift */; };
		3E22FFAA23387A32005FE5D1 /* NSObject+Extension.swift in Sources */ = {isa = PBXBuildFile; fileRef = 3E22FFA723387A32005FE5D1 /* NSObject+Extension.swift */; };
		3E22FFAC23387BFA005FE5D1 /* UItableViewCellProtocols.swift in Sources */ = {isa = PBXBuildFile; fileRef = 3E22FFAB23387BFA005FE5D1 /* UItableViewCellProtocols.swift */; };
		3E22FFAD23387BFA005FE5D1 /* UItableViewCellProtocols.swift in Sources */ = {isa = PBXBuildFile; fileRef = 3E22FFAB23387BFA005FE5D1 /* UItableViewCellProtocols.swift */; };
		3E22FFAE23387BFA005FE5D1 /* UItableViewCellProtocols.swift in Sources */ = {isa = PBXBuildFile; fileRef = 3E22FFAB23387BFA005FE5D1 /* UItableViewCellProtocols.swift */; };
		3E22FFB0233881D9005FE5D1 /* UserProfileInfo.swift in Sources */ = {isa = PBXBuildFile; fileRef = 3E22FFAF233881D9005FE5D1 /* UserProfileInfo.swift */; };
		3E22FFB1233881D9005FE5D1 /* UserProfileInfo.swift in Sources */ = {isa = PBXBuildFile; fileRef = 3E22FFAF233881D9005FE5D1 /* UserProfileInfo.swift */; };
		3E22FFB2233881D9005FE5D1 /* UserProfileInfo.swift in Sources */ = {isa = PBXBuildFile; fileRef = 3E22FFAF233881D9005FE5D1 /* UserProfileInfo.swift */; };
		3E22FFB4233882C9005FE5D1 /* AboutMeViewModel.swift in Sources */ = {isa = PBXBuildFile; fileRef = 3E22FFB3233882C9005FE5D1 /* AboutMeViewModel.swift */; };
		3E22FFB5233882C9005FE5D1 /* AboutMeViewModel.swift in Sources */ = {isa = PBXBuildFile; fileRef = 3E22FFB3233882C9005FE5D1 /* AboutMeViewModel.swift */; };
		3E22FFB6233882C9005FE5D1 /* AboutMeViewModel.swift in Sources */ = {isa = PBXBuildFile; fileRef = 3E22FFB3233882C9005FE5D1 /* AboutMeViewModel.swift */; };
		3E22FFBF23388914005FE5D1 /* Localizable.strings in Resources */ = {isa = PBXBuildFile; fileRef = 3E22FFC323388914005FE5D1 /* Localizable.strings */; };
		3E22FFC023388914005FE5D1 /* Localizable.strings in Resources */ = {isa = PBXBuildFile; fileRef = 3E22FFC323388914005FE5D1 /* Localizable.strings */; };
		3E22FFC123388914005FE5D1 /* Localizable.strings in Resources */ = {isa = PBXBuildFile; fileRef = 3E22FFC323388914005FE5D1 /* Localizable.strings */; };
		3E22FFC6233889EF005FE5D1 /* AppStrings.swift in Sources */ = {isa = PBXBuildFile; fileRef = 3E22FFC5233889EF005FE5D1 /* AppStrings.swift */; };
		3E22FFC7233889EF005FE5D1 /* AppStrings.swift in Sources */ = {isa = PBXBuildFile; fileRef = 3E22FFC5233889EF005FE5D1 /* AppStrings.swift */; };
		3E22FFC8233889EF005FE5D1 /* AppStrings.swift in Sources */ = {isa = PBXBuildFile; fileRef = 3E22FFC5233889EF005FE5D1 /* AppStrings.swift */; };
		3E22FFCA23388A1E005FE5D1 /* Strings+Extension.swift in Sources */ = {isa = PBXBuildFile; fileRef = 3E22FFC923388A1E005FE5D1 /* Strings+Extension.swift */; };
		3E22FFCB23388A1E005FE5D1 /* Strings+Extension.swift in Sources */ = {isa = PBXBuildFile; fileRef = 3E22FFC923388A1E005FE5D1 /* Strings+Extension.swift */; };
		3E22FFCC23388A1E005FE5D1 /* Strings+Extension.swift in Sources */ = {isa = PBXBuildFile; fileRef = 3E22FFC923388A1E005FE5D1 /* Strings+Extension.swift */; };
		3E22FFD323388ADB005FE5D1 /* AboutMeInfoTableViewCell.swift in Sources */ = {isa = PBXBuildFile; fileRef = 3E22FFD123388ADB005FE5D1 /* AboutMeInfoTableViewCell.swift */; };
		3E22FFD423388ADB005FE5D1 /* AboutMeInfoTableViewCell.swift in Sources */ = {isa = PBXBuildFile; fileRef = 3E22FFD123388ADB005FE5D1 /* AboutMeInfoTableViewCell.swift */; };
		3E22FFD523388ADB005FE5D1 /* AboutMeInfoTableViewCell.swift in Sources */ = {isa = PBXBuildFile; fileRef = 3E22FFD123388ADB005FE5D1 /* AboutMeInfoTableViewCell.swift */; };
		3E22FFD623388ADB005FE5D1 /* AboutMeInfoTableViewCell.xib in Resources */ = {isa = PBXBuildFile; fileRef = 3E22FFD223388ADB005FE5D1 /* AboutMeInfoTableViewCell.xib */; };
		3E22FFD723388ADB005FE5D1 /* AboutMeInfoTableViewCell.xib in Resources */ = {isa = PBXBuildFile; fileRef = 3E22FFD223388ADB005FE5D1 /* AboutMeInfoTableViewCell.xib */; };
		3E22FFD823388ADB005FE5D1 /* AboutMeInfoTableViewCell.xib in Resources */ = {isa = PBXBuildFile; fileRef = 3E22FFD223388ADB005FE5D1 /* AboutMeInfoTableViewCell.xib */; };
		3E22FFDB23388F84005FE5D1 /* WebServices.swift in Sources */ = {isa = PBXBuildFile; fileRef = 3E22FFDA23388F84005FE5D1 /* WebServices.swift */; };
		3E22FFDC23388F84005FE5D1 /* WebServices.swift in Sources */ = {isa = PBXBuildFile; fileRef = 3E22FFDA23388F84005FE5D1 /* WebServices.swift */; };
		3E22FFDD23388F84005FE5D1 /* WebServices.swift in Sources */ = {isa = PBXBuildFile; fileRef = 3E22FFDA23388F84005FE5D1 /* WebServices.swift */; };
		3E22FFDF233899C9005FE5D1 /* UIView+Extension.swift in Sources */ = {isa = PBXBuildFile; fileRef = 3E22FFDE233899C9005FE5D1 /* UIView+Extension.swift */; };
		3E22FFE0233899C9005FE5D1 /* UIView+Extension.swift in Sources */ = {isa = PBXBuildFile; fileRef = 3E22FFDE233899C9005FE5D1 /* UIView+Extension.swift */; };
		3E22FFE1233899C9005FE5D1 /* UIView+Extension.swift in Sources */ = {isa = PBXBuildFile; fileRef = 3E22FFDE233899C9005FE5D1 /* UIView+Extension.swift */; };
		3E22FFE423389FF0005FE5D1 /* SocialMediaTableViewCell.swift in Sources */ = {isa = PBXBuildFile; fileRef = 3E22FFE223389FF0005FE5D1 /* SocialMediaTableViewCell.swift */; };
		3E22FFE523389FF0005FE5D1 /* SocialMediaTableViewCell.swift in Sources */ = {isa = PBXBuildFile; fileRef = 3E22FFE223389FF0005FE5D1 /* SocialMediaTableViewCell.swift */; };
		3E22FFE623389FF0005FE5D1 /* SocialMediaTableViewCell.swift in Sources */ = {isa = PBXBuildFile; fileRef = 3E22FFE223389FF0005FE5D1 /* SocialMediaTableViewCell.swift */; };
		3E22FFE723389FF0005FE5D1 /* SocialMediaTableViewCell.xib in Resources */ = {isa = PBXBuildFile; fileRef = 3E22FFE323389FF0005FE5D1 /* SocialMediaTableViewCell.xib */; };
		3E22FFE823389FF0005FE5D1 /* SocialMediaTableViewCell.xib in Resources */ = {isa = PBXBuildFile; fileRef = 3E22FFE323389FF0005FE5D1 /* SocialMediaTableViewCell.xib */; };
		3E22FFE923389FF0005FE5D1 /* SocialMediaTableViewCell.xib in Resources */ = {isa = PBXBuildFile; fileRef = 3E22FFE323389FF0005FE5D1 /* SocialMediaTableViewCell.xib */; };
		3E22FFEB2338A6E2005FE5D1 /* CarrerHistoryViewController.swift in Sources */ = {isa = PBXBuildFile; fileRef = 3E22FFEA2338A6E2005FE5D1 /* CarrerHistoryViewController.swift */; };
		3E22FFEC2338A6E2005FE5D1 /* CarrerHistoryViewController.swift in Sources */ = {isa = PBXBuildFile; fileRef = 3E22FFEA2338A6E2005FE5D1 /* CarrerHistoryViewController.swift */; };
		3E22FFED2338A6E2005FE5D1 /* CarrerHistoryViewController.swift in Sources */ = {isa = PBXBuildFile; fileRef = 3E22FFEA2338A6E2005FE5D1 /* CarrerHistoryViewController.swift */; };
		3E22FFEF2338A805005FE5D1 /* CarrerViewModel.swift in Sources */ = {isa = PBXBuildFile; fileRef = 3E22FFEE2338A805005FE5D1 /* CarrerViewModel.swift */; };
		3E22FFF02338A805005FE5D1 /* CarrerViewModel.swift in Sources */ = {isa = PBXBuildFile; fileRef = 3E22FFEE2338A805005FE5D1 /* CarrerViewModel.swift */; };
		3E22FFF12338A805005FE5D1 /* CarrerViewModel.swift in Sources */ = {isa = PBXBuildFile; fileRef = 3E22FFEE2338A805005FE5D1 /* CarrerViewModel.swift */; };
		3E22FFF32338A857005FE5D1 /* Work.swift in Sources */ = {isa = PBXBuildFile; fileRef = 3E22FFF22338A857005FE5D1 /* Work.swift */; };
		3E22FFF42338A857005FE5D1 /* Work.swift in Sources */ = {isa = PBXBuildFile; fileRef = 3E22FFF22338A857005FE5D1 /* Work.swift */; };
		3E22FFF52338A857005FE5D1 /* Work.swift in Sources */ = {isa = PBXBuildFile; fileRef = 3E22FFF22338A857005FE5D1 /* Work.swift */; };
		3E22FFF82339B9EB005FE5D1 /* HistoryCareerTableViewCell.swift in Sources */ = {isa = PBXBuildFile; fileRef = 3E22FFF62339B9EB005FE5D1 /* HistoryCareerTableViewCell.swift */; };
		3E22FFF92339B9EB005FE5D1 /* HistoryCareerTableViewCell.swift in Sources */ = {isa = PBXBuildFile; fileRef = 3E22FFF62339B9EB005FE5D1 /* HistoryCareerTableViewCell.swift */; };
		3E22FFFA2339B9EB005FE5D1 /* HistoryCareerTableViewCell.swift in Sources */ = {isa = PBXBuildFile; fileRef = 3E22FFF62339B9EB005FE5D1 /* HistoryCareerTableViewCell.swift */; };
		3E22FFFB2339B9EB005FE5D1 /* HistoryCareerTableViewCell.xib in Resources */ = {isa = PBXBuildFile; fileRef = 3E22FFF72339B9EB005FE5D1 /* HistoryCareerTableViewCell.xib */; };
		3E22FFFC2339B9EB005FE5D1 /* HistoryCareerTableViewCell.xib in Resources */ = {isa = PBXBuildFile; fileRef = 3E22FFF72339B9EB005FE5D1 /* HistoryCareerTableViewCell.xib */; };
		3E22FFFD2339B9EB005FE5D1 /* HistoryCareerTableViewCell.xib in Resources */ = {isa = PBXBuildFile; fileRef = 3E22FFF72339B9EB005FE5D1 /* HistoryCareerTableViewCell.xib */; };
/* End PBXBuildFile section */

/* Begin PBXContainerItemProxy section */
		3E22FF6A23385CDA005FE5D1 /* PBXContainerItemProxy */ = {
			isa = PBXContainerItemProxy;
			containerPortal = 3E22FF4D23385CD7005FE5D1 /* Project object */;
			proxyType = 1;
			remoteGlobalIDString = 3E22FF5423385CD7005FE5D1;
			remoteInfo = MyCV;
		};
		3E22FF7523385CDA005FE5D1 /* PBXContainerItemProxy */ = {
			isa = PBXContainerItemProxy;
			containerPortal = 3E22FF4D23385CD7005FE5D1 /* Project object */;
			proxyType = 1;
			remoteGlobalIDString = 3E22FF5423385CD7005FE5D1;
			remoteInfo = MyCV;
		};
/* End PBXContainerItemProxy section */

/* Begin PBXFileReference section */
		3E22000A233ACB5F005FE5D1 /* AboutMeViewControllerTest.swift */ = {isa = PBXFileReference; lastKnownFileType = sourcecode.swift; path = AboutMeViewControllerTest.swift; sourceTree = "<group>"; };
		3E22000D233ACD93005FE5D1 /* WebServiceTest.swift */ = {isa = PBXFileReference; lastKnownFileType = sourcecode.swift; path = WebServiceTest.swift; sourceTree = "<group>"; };
		3E22000F233AD1CE005FE5D1 /* MyCVUITestIphonex.swift */ = {isa = PBXFileReference; lastKnownFileType = sourcecode.swift; path = MyCVUITestIphonex.swift; sourceTree = "<group>"; };
		3E22FF5523385CD7005FE5D1 /* MyCV.app */ = {isa = PBXFileReference; explicitFileType = wrapper.application; includeInIndex = 0; path = MyCV.app; sourceTree = BUILT_PRODUCTS_DIR; };
		3E22FF5823385CD7005FE5D1 /* AppDelegate.swift */ = {isa = PBXFileReference; lastKnownFileType = sourcecode.swift; path = AppDelegate.swift; sourceTree = "<group>"; };
		3E22FF5D23385CD7005FE5D1 /* Base */ = {isa = PBXFileReference; lastKnownFileType = file.storyboard; name = Base; path = Base.lproj/Main.storyboard; sourceTree = "<group>"; };
		3E22FF5F23385CD9005FE5D1 /* Assets.xcassets */ = {isa = PBXFileReference; lastKnownFileType = folder.assetcatalog; path = Assets.xcassets; sourceTree = "<group>"; };
		3E22FF6223385CD9005FE5D1 /* Base */ = {isa = PBXFileReference; lastKnownFileType = file.storyboard; name = Base; path = Base.lproj/LaunchScreen.storyboard; sourceTree = "<group>"; };
		3E22FF6423385CD9005FE5D1 /* Info.plist */ = {isa = PBXFileReference; lastKnownFileType = text.plist.xml; path = Info.plist; sourceTree = "<group>"; };
		3E22FF6923385CDA005FE5D1 /* MyCVTests.xctest */ = {isa = PBXFileReference; explicitFileType = wrapper.cfbundle; includeInIndex = 0; path = MyCVTests.xctest; sourceTree = BUILT_PRODUCTS_DIR; };
		3E22FF6F23385CDA005FE5D1 /* Info.plist */ = {isa = PBXFileReference; lastKnownFileType = text.plist.xml; path = Info.plist; sourceTree = "<group>"; };
		3E22FF7423385CDA005FE5D1 /* MyCVUITests.xctest */ = {isa = PBXFileReference; explicitFileType = wrapper.cfbundle; includeInIndex = 0; path = MyCVUITests.xctest; sourceTree = BUILT_PRODUCTS_DIR; };
		3E22FF7823385CDA005FE5D1 /* MyCVUITests.swift */ = {isa = PBXFileReference; lastKnownFileType = sourcecode.swift; path = MyCVUITests.swift; sourceTree = "<group>"; };
		3E22FF7A23385CDA005FE5D1 /* Info.plist */ = {isa = PBXFileReference; lastKnownFileType = text.plist.xml; path = Info.plist; sourceTree = "<group>"; };
		3E22FF8D23386E7B005FE5D1 /* AboutMeViewController.swift */ = {isa = PBXFileReference; lastKnownFileType = sourcecode.swift; path = AboutMeViewController.swift; sourceTree = "<group>"; };
		3E22FF9123386F5E005FE5D1 /* BaseViewController.swift */ = {isa = PBXFileReference; lastKnownFileType = sourcecode.swift; path = BaseViewController.swift; sourceTree = "<group>"; };
		3E22FF9523386FBE005FE5D1 /* Constants.swift */ = {isa = PBXFileReference; lastKnownFileType = sourcecode.swift; path = Constants.swift; sourceTree = "<group>"; };
		3E22FF992338729A005FE5D1 /* UIColor+Extension.swift */ = {isa = PBXFileReference; lastKnownFileType = sourcecode.swift; path = "UIColor+Extension.swift"; sourceTree = "<group>"; };
		3E22FF9F23387650005FE5D1 /* AboutMeHeaderTableViewCell.swift */ = {isa = PBXFileReference; lastKnownFileType = sourcecode.swift; path = AboutMeHeaderTableViewCell.swift; sourceTree = "<group>"; };
		3E22FFA023387650005FE5D1 /* AboutMeHeaderTableViewCell.xib */ = {isa = PBXFileReference; lastKnownFileType = file.xib; path = AboutMeHeaderTableViewCell.xib; sourceTree = "<group>"; };
		3E22FFA723387A32005FE5D1 /* NSObject+Extension.swift */ = {isa = PBXFileReference; lastKnownFileType = sourcecode.swift; path = "NSObject+Extension.swift"; sourceTree = "<group>"; };
		3E22FFAB23387BFA005FE5D1 /* UItableViewCellProtocols.swift */ = {isa = PBXFileReference; lastKnownFileType = sourcecode.swift; path = UItableViewCellProtocols.swift; sourceTree = "<group>"; };
		3E22FFAF233881D9005FE5D1 /* UserProfileInfo.swift */ = {isa = PBXFileReference; lastKnownFileType = sourcecode.swift; path = UserProfileInfo.swift; sourceTree = "<group>"; };
		3E22FFB3233882C9005FE5D1 /* AboutMeViewModel.swift */ = {isa = PBXFileReference; lastKnownFileType = sourcecode.swift; path = AboutMeViewModel.swift; sourceTree = "<group>"; };
		3E22FFC223388914005FE5D1 /* en */ = {isa = PBXFileReference; lastKnownFileType = text.plist.strings; name = en; path = en.lproj/Localizable.strings; sourceTree = "<group>"; };
		3E22FFC42338892A005FE5D1 /* es */ = {isa = PBXFileReference; lastKnownFileType = text.plist.strings; name = es; path = es.lproj/Localizable.strings; sourceTree = "<group>"; };
		3E22FFC5233889EF005FE5D1 /* AppStrings.swift */ = {isa = PBXFileReference; lastKnownFileType = sourcecode.swift; path = AppStrings.swift; sourceTree = "<group>"; };
		3E22FFC923388A1E005FE5D1 /* Strings+Extension.swift */ = {isa = PBXFileReference; lastKnownFileType = sourcecode.swift; path = "Strings+Extension.swift"; sourceTree = "<group>"; };
		3E22FFD123388ADB005FE5D1 /* AboutMeInfoTableViewCell.swift */ = {isa = PBXFileReference; lastKnownFileType = sourcecode.swift; path = AboutMeInfoTableViewCell.swift; sourceTree = "<group>"; };
		3E22FFD223388ADB005FE5D1 /* AboutMeInfoTableViewCell.xib */ = {isa = PBXFileReference; lastKnownFileType = file.xib; path = AboutMeInfoTableViewCell.xib; sourceTree = "<group>"; };
		3E22FFDA23388F84005FE5D1 /* WebServices.swift */ = {isa = PBXFileReference; lastKnownFileType = sourcecode.swift; path = WebServices.swift; sourceTree = "<group>"; };
		3E22FFDE233899C9005FE5D1 /* UIView+Extension.swift */ = {isa = PBXFileReference; lastKnownFileType = sourcecode.swift; path = "UIView+Extension.swift"; sourceTree = "<group>"; };
		3E22FFE223389FF0005FE5D1 /* SocialMediaTableViewCell.swift */ = {isa = PBXFileReference; lastKnownFileType = sourcecode.swift; path = SocialMediaTableViewCell.swift; sourceTree = "<group>"; };
		3E22FFE323389FF0005FE5D1 /* SocialMediaTableViewCell.xib */ = {isa = PBXFileReference; lastKnownFileType = file.xib; path = SocialMediaTableViewCell.xib; sourceTree = "<group>"; };
		3E22FFEA2338A6E2005FE5D1 /* CarrerHistoryViewController.swift */ = {isa = PBXFileReference; lastKnownFileType = sourcecode.swift; path = CarrerHistoryViewController.swift; sourceTree = "<group>"; };
		3E22FFEE2338A805005FE5D1 /* CarrerViewModel.swift */ = {isa = PBXFileReference; lastKnownFileType = sourcecode.swift; path = CarrerViewModel.swift; sourceTree = "<group>"; };
		3E22FFF22338A857005FE5D1 /* Work.swift */ = {isa = PBXFileReference; lastKnownFileType = sourcecode.swift; path = Work.swift; sourceTree = "<group>"; };
		3E22FFF62339B9EB005FE5D1 /* HistoryCareerTableViewCell.swift */ = {isa = PBXFileReference; lastKnownFileType = sourcecode.swift; path = HistoryCareerTableViewCell.swift; sourceTree = "<group>"; };
		3E22FFF72339B9EB005FE5D1 /* HistoryCareerTableViewCell.xib */ = {isa = PBXFileReference; lastKnownFileType = file.xib; path = HistoryCareerTableViewCell.xib; sourceTree = "<group>"; };
		3E22FFFE2339C8DD005FE5D1 /* JobInfoViewController.swift */ = {isa = PBXFileReference; lastKnownFileType = sourcecode.swift; path = JobInfoViewController.swift; sourceTree = "<group>"; };
		3E22FFFF2339C8DD005FE5D1 /* JobInfoViewController.xib */ = {isa = PBXFileReference; lastKnownFileType = file.xib; path = JobInfoViewController.xib; sourceTree = "<group>"; };
/* End PBXFileReference section */

/* Begin PBXFrameworksBuildPhase section */
		3E22FF5223385CD7005FE5D1 /* Frameworks */ = {
			isa = PBXFrameworksBuildPhase;
			buildActionMask = 2147483647;
			files = (
			);
			runOnlyForDeploymentPostprocessing = 0;
		};
		3E22FF6623385CDA005FE5D1 /* Frameworks */ = {
			isa = PBXFrameworksBuildPhase;
			buildActionMask = 2147483647;
			files = (
			);
			runOnlyForDeploymentPostprocessing = 0;
		};
		3E22FF7123385CDA005FE5D1 /* Frameworks */ = {
			isa = PBXFrameworksBuildPhase;
			buildActionMask = 2147483647;
			files = (
			);
			runOnlyForDeploymentPostprocessing = 0;
		};
/* End PBXFrameworksBuildPhase section */

/* Begin PBXGroup section */
		3E22FF4C23385CD7005FE5D1 = {
			isa = PBXGroup;
			children = (
				3E22FF5723385CD7005FE5D1 /* MyCV */,
				3E22FF6C23385CDA005FE5D1 /* MyCVTests */,
				3E22FF7723385CDA005FE5D1 /* MyCVUITests */,
				3E22FF5623385CD7005FE5D1 /* Products */,
			);
			sourceTree = "<group>";
		};
		3E22FF5623385CD7005FE5D1 /* Products */ = {
			isa = PBXGroup;
			children = (
				3E22FF5523385CD7005FE5D1 /* MyCV.app */,
				3E22FF6923385CDA005FE5D1 /* MyCVTests.xctest */,
				3E22FF7423385CDA005FE5D1 /* MyCVUITests.xctest */,
			);
			name = Products;
			sourceTree = "<group>";
		};
		3E22FF5723385CD7005FE5D1 /* MyCV */ = {
			isa = PBXGroup;
			children = (
				3E22FF5823385CD7005FE5D1 /* AppDelegate.swift */,
				3E22FFD923388F6D005FE5D1 /* Services */,
				3E22FF8C23386BDE005FE5D1 /* Utils */,
				3E22FF8B23386BCB005FE5D1 /* Controlers */,
				3E22FF8A23386BC7005FE5D1 /* Models */,
				3E22FF8923386BBB005FE5D1 /* ViewModels */,
				3E22FF5C23385CD7005FE5D1 /* Main.storyboard */,
				3E22FF5F23385CD9005FE5D1 /* Assets.xcassets */,
				3E22FF6123385CD9005FE5D1 /* LaunchScreen.storyboard */,
				3E22FF6423385CD9005FE5D1 /* Info.plist */,
				3E22FFC323388914005FE5D1 /* Localizable.strings */,
			);
			path = MyCV;
			sourceTree = "<group>";
		};
		3E22FF6C23385CDA005FE5D1 /* MyCVTests */ = {
			isa = PBXGroup;
			children = (
				3E22000D233ACD93005FE5D1 /* WebServiceTest.swift */,
				3E22000A233ACB5F005FE5D1 /* AboutMeViewControllerTest.swift */,
				3E22FF6F23385CDA005FE5D1 /* Info.plist */,
			);
			path = MyCVTests;
			sourceTree = "<group>";
		};
		3E22FF7723385CDA005FE5D1 /* MyCVUITests */ = {
			isa = PBXGroup;
			children = (
				3E22000F233AD1CE005FE5D1 /* MyCVUITestIphonex.swift */,
				3E22FF7823385CDA005FE5D1 /* MyCVUITests.swift */,
				3E22FF7A23385CDA005FE5D1 /* Info.plist */,
			);
			path = MyCVUITests;
			sourceTree = "<group>";
		};
		3E22FF8923386BBB005FE5D1 /* ViewModels */ = {
			isa = PBXGroup;
			children = (
				3E22FFB3233882C9005FE5D1 /* AboutMeViewModel.swift */,
				3E22FFEE2338A805005FE5D1 /* CarrerViewModel.swift */,
			);
			path = ViewModels;
			sourceTree = "<group>";
		};
		3E22FF8A23386BC7005FE5D1 /* Models */ = {
			isa = PBXGroup;
			children = (
				3E22FFAF233881D9005FE5D1 /* UserProfileInfo.swift */,
				3E22FFF22338A857005FE5D1 /* Work.swift */,
			);
			path = Models;
			sourceTree = "<group>";
		};
		3E22FF8B23386BCB005FE5D1 /* Controlers */ = {
			isa = PBXGroup;
			children = (
				3E22FFFE2339C8DD005FE5D1 /* JobInfoViewController.swift */,
				3E22FFFF2339C8DD005FE5D1 /* JobInfoViewController.xib */,
				3E22FFEA2338A6E2005FE5D1 /* CarrerHistoryViewController.swift */,
				3E22FF8D23386E7B005FE5D1 /* AboutMeViewController.swift */,
				3E22FF9E2338761E005FE5D1 /* Cells */,
			);
			path = Controlers;
			sourceTree = "<group>";
		};
		3E22FF8C23386BDE005FE5D1 /* Utils */ = {
			isa = PBXGroup;
			children = (
				3E22FF9123386F5E005FE5D1 /* BaseViewController.swift */,
				3E22FF9523386FBE005FE5D1 /* Constants.swift */,
				3E22FF992338729A005FE5D1 /* UIColor+Extension.swift */,
				3E22FFA723387A32005FE5D1 /* NSObject+Extension.swift */,
				3E22FFAB23387BFA005FE5D1 /* UItableViewCellProtocols.swift */,
				3E22FFC5233889EF005FE5D1 /* AppStrings.swift */,
				3E22FFC923388A1E005FE5D1 /* Strings+Extension.swift */,
				3E22FFDE233899C9005FE5D1 /* UIView+Extension.swift */,
			);
			path = Utils;
			sourceTree = "<group>";
		};
		3E22FF9E2338761E005FE5D1 /* Cells */ = {
			isa = PBXGroup;
			children = (
				3E22FF9F23387650005FE5D1 /* AboutMeHeaderTableViewCell.swift */,
				3E22FFA023387650005FE5D1 /* AboutMeHeaderTableViewCell.xib */,
				3E22FFD123388ADB005FE5D1 /* AboutMeInfoTableViewCell.swift */,
				3E22FFD223388ADB005FE5D1 /* AboutMeInfoTableViewCell.xib */,
				3E22FFE223389FF0005FE5D1 /* SocialMediaTableViewCell.swift */,
				3E22FFE323389FF0005FE5D1 /* SocialMediaTableViewCell.xib */,
				3E22FFF62339B9EB005FE5D1 /* HistoryCareerTableViewCell.swift */,
				3E22FFF72339B9EB005FE5D1 /* HistoryCareerTableViewCell.xib */,
			);
			path = Cells;
			sourceTree = "<group>";
		};
		3E22FFD923388F6D005FE5D1 /* Services */ = {
			isa = PBXGroup;
			children = (
				3E22FFDA23388F84005FE5D1 /* WebServices.swift */,
			);
			path = Services;
			sourceTree = "<group>";
		};
/* End PBXGroup section */

/* Begin PBXNativeTarget section */
		3E22FF5423385CD7005FE5D1 /* MyCV */ = {
			isa = PBXNativeTarget;
			buildConfigurationList = 3E22FF7D23385CDA005FE5D1 /* Build configuration list for PBXNativeTarget "MyCV" */;
			buildPhases = (
				3E22FF5123385CD7005FE5D1 /* Sources */,
				3E22FF5223385CD7005FE5D1 /* Frameworks */,
				3E22FF5323385CD7005FE5D1 /* Resources */,
			);
			buildRules = (
			);
			dependencies = (
			);
			name = MyCV;
			productName = MyCV;
			productReference = 3E22FF5523385CD7005FE5D1 /* MyCV.app */;
			productType = "com.apple.product-type.application";
		};
		3E22FF6823385CDA005FE5D1 /* MyCVTests */ = {
			isa = PBXNativeTarget;
			buildConfigurationList = 3E22FF8023385CDA005FE5D1 /* Build configuration list for PBXNativeTarget "MyCVTests" */;
			buildPhases = (
				3E22FF6523385CDA005FE5D1 /* Sources */,
				3E22FF6623385CDA005FE5D1 /* Frameworks */,
				3E22FF6723385CDA005FE5D1 /* Resources */,
			);
			buildRules = (
			);
			dependencies = (
				3E22FF6B23385CDA005FE5D1 /* PBXTargetDependency */,
			);
			name = MyCVTests;
			productName = MyCVTests;
			productReference = 3E22FF6923385CDA005FE5D1 /* MyCVTests.xctest */;
			productType = "com.apple.product-type.bundle.unit-test";
		};
		3E22FF7323385CDA005FE5D1 /* MyCVUITests */ = {
			isa = PBXNativeTarget;
			buildConfigurationList = 3E22FF8323385CDA005FE5D1 /* Build configuration list for PBXNativeTarget "MyCVUITests" */;
			buildPhases = (
				3E22FF7023385CDA005FE5D1 /* Sources */,
				3E22FF7123385CDA005FE5D1 /* Frameworks */,
				3E22FF7223385CDA005FE5D1 /* Resources */,
			);
			buildRules = (
			);
			dependencies = (
				3E22FF7623385CDA005FE5D1 /* PBXTargetDependency */,
			);
			name = MyCVUITests;
			productName = MyCVUITests;
			productReference = 3E22FF7423385CDA005FE5D1 /* MyCVUITests.xctest */;
			productType = "com.apple.product-type.bundle.ui-testing";
		};
/* End PBXNativeTarget section */

/* Begin PBXProject section */
		3E22FF4D23385CD7005FE5D1 /* Project object */ = {
			isa = PBXProject;
			attributes = {
				LastSwiftUpdateCheck = 1030;
				LastUpgradeCheck = 1030;
				ORGANIZATIONNAME = "Carlos Rodriguez";
				TargetAttributes = {
					3E22FF5423385CD7005FE5D1 = {
						CreatedOnToolsVersion = 10.3;
					};
					3E22FF6823385CDA005FE5D1 = {
						CreatedOnToolsVersion = 10.3;
						TestTargetID = 3E22FF5423385CD7005FE5D1;
					};
					3E22FF7323385CDA005FE5D1 = {
						CreatedOnToolsVersion = 10.3;
						TestTargetID = 3E22FF5423385CD7005FE5D1;
					};
				};
			};
			buildConfigurationList = 3E22FF5023385CD7005FE5D1 /* Build configuration list for PBXProject "MyCV" */;
			compatibilityVersion = "Xcode 9.3";
			developmentRegion = en;
			hasScannedForEncodings = 0;
			knownRegions = (
				en,
				Base,
				es,
			);
			mainGroup = 3E22FF4C23385CD7005FE5D1;
			productRefGroup = 3E22FF5623385CD7005FE5D1 /* Products */;
			projectDirPath = "";
			projectRoot = "";
			targets = (
				3E22FF5423385CD7005FE5D1 /* MyCV */,
				3E22FF6823385CDA005FE5D1 /* MyCVTests */,
				3E22FF7323385CDA005FE5D1 /* MyCVUITests */,
			);
		};
/* End PBXProject section */

/* Begin PBXResourcesBuildPhase section */
		3E22FF5323385CD7005FE5D1 /* Resources */ = {
			isa = PBXResourcesBuildPhase;
			buildActionMask = 2147483647;
			files = (
				3E22FFBF23388914005FE5D1 /* Localizable.strings in Resources */,
				3E22FFD623388ADB005FE5D1 /* AboutMeInfoTableViewCell.xib in Resources */,
				3E22FFA423387650005FE5D1 /* AboutMeHeaderTableViewCell.xib in Resources */,
				3E22FF6323385CD9005FE5D1 /* LaunchScreen.storyboard in Resources */,
				3E22FF6023385CD9005FE5D1 /* Assets.xcassets in Resources */,
				3E22FFE723389FF0005FE5D1 /* SocialMediaTableViewCell.xib in Resources */,
				3E22FFFB2339B9EB005FE5D1 /* HistoryCareerTableViewCell.xib in Resources */,
				3E22FF5E23385CD7005FE5D1 /* Main.storyboard in Resources */,
				3E2200032339C8DD005FE5D1 /* JobInfoViewController.xib in Resources */,
			);
			runOnlyForDeploymentPostprocessing = 0;
		};
		3E22FF6723385CDA005FE5D1 /* Resources */ = {
			isa = PBXResourcesBuildPhase;
			buildActionMask = 2147483647;
			files = (
				3E22FFA523387650005FE5D1 /* AboutMeHeaderTableViewCell.xib in Resources */,
				3E22FFFC2339B9EB005FE5D1 /* HistoryCareerTableViewCell.xib in Resources */,
				3E2200042339C8DD005FE5D1 /* JobInfoViewController.xib in Resources */,
				3E22FFD723388ADB005FE5D1 /* AboutMeInfoTableViewCell.xib in Resources */,
				3E22FFC023388914005FE5D1 /* Localizable.strings in Resources */,
				3E22FFE823389FF0005FE5D1 /* SocialMediaTableViewCell.xib in Resources */,
			);
			runOnlyForDeploymentPostprocessing = 0;
		};
		3E22FF7223385CDA005FE5D1 /* Resources */ = {
			isa = PBXResourcesBuildPhase;
			buildActionMask = 2147483647;
			files = (
				3E22FFA623387650005FE5D1 /* AboutMeHeaderTableViewCell.xib in Resources */,
				3E22FFFD2339B9EB005FE5D1 /* HistoryCareerTableViewCell.xib in Resources */,
				3E2200052339C8DD005FE5D1 /* JobInfoViewController.xib in Resources */,
				3E22FFD823388ADB005FE5D1 /* AboutMeInfoTableViewCell.xib in Resources */,
				3E22FFC123388914005FE5D1 /* Localizable.strings in Resources */,
				3E22FFE923389FF0005FE5D1 /* SocialMediaTableViewCell.xib in Resources */,
			);
			runOnlyForDeploymentPostprocessing = 0;
		};
/* End PBXResourcesBuildPhase section */

/* Begin PBXSourcesBuildPhase section */
		3E22FF5123385CD7005FE5D1 /* Sources */ = {
			isa = PBXSourcesBuildPhase;
			buildActionMask = 2147483647;
			files = (
				3E22FF8E23386E7B005FE5D1 /* AboutMeViewController.swift in Sources */,
				3E22FFC6233889EF005FE5D1 /* AppStrings.swift in Sources */,
				3E22FFDB23388F84005FE5D1 /* WebServices.swift in Sources */,
				3E22FFDF233899C9005FE5D1 /* UIView+Extension.swift in Sources */,
				3E22FFEB2338A6E2005FE5D1 /* CarrerHistoryViewController.swift in Sources */,
				3E22FF5923385CD7005FE5D1 /* AppDelegate.swift in Sources */,
				3E22FF9223386F5E005FE5D1 /* BaseViewController.swift in Sources */,
				3E22FF9623386FBE005FE5D1 /* Constants.swift in Sources */,
				3E22FFF82339B9EB005FE5D1 /* HistoryCareerTableViewCell.swift in Sources */,
				3E22FFE423389FF0005FE5D1 /* SocialMediaTableViewCell.swift in Sources */,
				3E22FFF32338A857005FE5D1 /* Work.swift in Sources */,
				3E22FFB0233881D9005FE5D1 /* UserProfileInfo.swift in Sources */,
				3E22FFD323388ADB005FE5D1 /* AboutMeInfoTableViewCell.swift in Sources */,
				3E22FFEF2338A805005FE5D1 /* CarrerViewModel.swift in Sources */,
				3E2200002339C8DD005FE5D1 /* JobInfoViewController.swift in Sources */,
				3E22FFA823387A32005FE5D1 /* NSObject+Extension.swift in Sources */,
				3E22FFB4233882C9005FE5D1 /* AboutMeViewModel.swift in Sources */,
				3E22FFCA23388A1E005FE5D1 /* Strings+Extension.swift in Sources */,
				3E22FFA123387650005FE5D1 /* AboutMeHeaderTableViewCell.swift in Sources */,
				3E22FF9A2338729A005FE5D1 /* UIColor+Extension.swift in Sources */,
				3E22FFAC23387BFA005FE5D1 /* UItableViewCellProtocols.swift in Sources */,
			);
			runOnlyForDeploymentPostprocessing = 0;
		};
		3E22FF6523385CDA005FE5D1 /* Sources */ = {
			isa = PBXSourcesBuildPhase;
			buildActionMask = 2147483647;
			files = (
				3E22FF8F23386E7B005FE5D1 /* AboutMeViewController.swift in Sources */,
				3E22FFC7233889EF005FE5D1 /* AppStrings.swift in Sources */,
				3E22FFDC23388F84005FE5D1 /* WebServices.swift in Sources */,
				3E22FFE0233899C9005FE5D1 /* UIView+Extension.swift in Sources */,
				3E22FFEC2338A6E2005FE5D1 /* CarrerHistoryViewController.swift in Sources */,
				3E22FF9323386F5E005FE5D1 /* BaseViewController.swift in Sources */,
				3E22FF9723386FBE005FE5D1 /* Constants.swift in Sources */,
				3E22FFF92339B9EB005FE5D1 /* HistoryCareerTableViewCell.swift in Sources */,
				3E22000E233ACD93005FE5D1 /* WebServiceTest.swift in Sources */,
				3E22FFE523389FF0005FE5D1 /* SocialMediaTableViewCell.swift in Sources */,
				3E22FFF42338A857005FE5D1 /* Work.swift in Sources */,
				3E22FFB1233881D9005FE5D1 /* UserProfileInfo.swift in Sources */,
				3E22FFD423388ADB005FE5D1 /* AboutMeInfoTableViewCell.swift in Sources */,
				3E22FFF02338A805005FE5D1 /* CarrerViewModel.swift in Sources */,
				3E22000C233ACB5F005FE5D1 /* AboutMeViewControllerTest.swift in Sources */,
				3E2200012339C8DD005FE5D1 /* JobInfoViewController.swift in Sources */,
				3E22FFA923387A32005FE5D1 /* NSObject+Extension.swift in Sources */,
				3E22FFB5233882C9005FE5D1 /* AboutMeViewModel.swift in Sources */,
				3E22FFCB23388A1E005FE5D1 /* Strings+Extension.swift in Sources */,
				3E22FFA223387650005FE5D1 /* AboutMeHeaderTableViewCell.swift in Sources */,
				3E22FF9B2338729A005FE5D1 /* UIColor+Extension.swift in Sources */,
				3E22FFAD23387BFA005FE5D1 /* UItableViewCellProtocols.swift in Sources */,
			);
			runOnlyForDeploymentPostprocessing = 0;
		};
		3E22FF7023385CDA005FE5D1 /* Sources */ = {
			isa = PBXSourcesBuildPhase;
			buildActionMask = 2147483647;
			files = (
				3E22FF9023386E7B005FE5D1 /* AboutMeViewController.swift in Sources */,
				3E22FFC8233889EF005FE5D1 /* AppStrings.swift in Sources */,
				3E22FFDD23388F84005FE5D1 /* WebServices.swift in Sources */,
				3E22FFE1233899C9005FE5D1 /* UIView+Extension.swift in Sources */,
				3E22FFED2338A6E2005FE5D1 /* CarrerHistoryViewController.swift in Sources */,
				3E22FF7923385CDA005FE5D1 /* MyCVUITests.swift in Sources */,
				3E22FF9423386F5E005FE5D1 /* BaseViewController.swift in Sources */,
				3E22FF9823386FBE005FE5D1 /* Constants.swift in Sources */,
				3E22FFFA2339B9EB005FE5D1 /* HistoryCareerTableViewCell.swift in Sources */,
				3E22FFE623389FF0005FE5D1 /* SocialMediaTableViewCell.swift in Sources */,
				3E22FFF52338A857005FE5D1 /* Work.swift in Sources */,
				3E22FFB2233881D9005FE5D1 /* UserProfileInfo.swift in Sources */,
				3E22FFD523388ADB005FE5D1 /* AboutMeInfoTableViewCell.swift in Sources */,
				3E22FFF12338A805005FE5D1 /* CarrerViewModel.swift in Sources */,
				3E2200022339C8DD005FE5D1 /* JobInfoViewController.swift in Sources */,
				3E22FFAA23387A32005FE5D1 /* NSObject+Extension.swift in Sources */,
				3E22FFB6233882C9005FE5D1 /* AboutMeViewModel.swift in Sources */,
				3E22FFCC23388A1E005FE5D1 /* Strings+Extension.swift in Sources */,
				3E22FFA323387650005FE5D1 /* AboutMeHeaderTableViewCell.swift in Sources */,
				3E22FF9C2338729A005FE5D1 /* UIColor+Extension.swift in Sources */,
				3E220010233AD1CE005FE5D1 /* MyCVUITestIphonex.swift in Sources */,
				3E22FFAE23387BFA005FE5D1 /* UItableViewCellProtocols.swift in Sources */,
			);
			runOnlyForDeploymentPostprocessing = 0;
		};
/* End PBXSourcesBuildPhase section */

/* Begin PBXTargetDependency section */
		3E22FF6B23385CDA005FE5D1 /* PBXTargetDependency */ = {
			isa = PBXTargetDependency;
			target = 3E22FF5423385CD7005FE5D1 /* MyCV */;
			targetProxy = 3E22FF6A23385CDA005FE5D1 /* PBXContainerItemProxy */;
		};
		3E22FF7623385CDA005FE5D1 /* PBXTargetDependency */ = {
			isa = PBXTargetDependency;
			target = 3E22FF5423385CD7005FE5D1 /* MyCV */;
			targetProxy = 3E22FF7523385CDA005FE5D1 /* PBXContainerItemProxy */;
		};
/* End PBXTargetDependency section */

/* Begin PBXVariantGroup section */
		3E22FF5C23385CD7005FE5D1 /* Main.storyboard */ = {
			isa = PBXVariantGroup;
			children = (
				3E22FF5D23385CD7005FE5D1 /* Base */,
			);
			name = Main.storyboard;
			sourceTree = "<group>";
		};
		3E22FF6123385CD9005FE5D1 /* LaunchScreen.storyboard */ = {
			isa = PBXVariantGroup;
			children = (
				3E22FF6223385CD9005FE5D1 /* Base */,
			);
			name = LaunchScreen.storyboard;
			sourceTree = "<group>";
		};
		3E22FFC323388914005FE5D1 /* Localizable.strings */ = {
			isa = PBXVariantGroup;
			children = (
				3E22FFC223388914005FE5D1 /* en */,
				3E22FFC42338892A005FE5D1 /* es */,
			);
			name = Localizable.strings;
			sourceTree = "<group>";
		};
/* End PBXVariantGroup section */

/* Begin XCBuildConfiguration section */
		3E22FF7B23385CDA005FE5D1 /* Debug */ = {
			isa = XCBuildConfiguration;
			buildSettings = {
				ALWAYS_SEARCH_USER_PATHS = NO;
				CLANG_ANALYZER_LOCALIZABILITY_NONLOCALIZED = YES;
				CLANG_ANALYZER_NONNULL = YES;
				CLANG_ANALYZER_NUMBER_OBJECT_CONVERSION = YES_AGGRESSIVE;
				CLANG_CXX_LANGUAGE_STANDARD = "gnu++14";
				CLANG_CXX_LIBRARY = "libc++";
				CLANG_ENABLE_MODULES = YES;
				CLANG_ENABLE_OBJC_ARC = YES;
				CLANG_ENABLE_OBJC_WEAK = YES;
				CLANG_WARN_BLOCK_CAPTURE_AUTORELEASING = YES;
				CLANG_WARN_BOOL_CONVERSION = YES;
				CLANG_WARN_COMMA = YES;
				CLANG_WARN_CONSTANT_CONVERSION = YES;
				CLANG_WARN_DEPRECATED_OBJC_IMPLEMENTATIONS = YES;
				CLANG_WARN_DIRECT_OBJC_ISA_USAGE = YES_ERROR;
				CLANG_WARN_DOCUMENTATION_COMMENTS = YES;
				CLANG_WARN_EMPTY_BODY = YES;
				CLANG_WARN_ENUM_CONVERSION = YES;
				CLANG_WARN_INFINITE_RECURSION = YES;
				CLANG_WARN_INT_CONVERSION = YES;
				CLANG_WARN_NON_LITERAL_NULL_CONVERSION = YES;
				CLANG_WARN_OBJC_IMPLICIT_RETAIN_SELF = YES;
				CLANG_WARN_OBJC_LITERAL_CONVERSION = YES;
				CLANG_WARN_OBJC_ROOT_CLASS = YES_ERROR;
				CLANG_WARN_RANGE_LOOP_ANALYSIS = YES;
				CLANG_WARN_STRICT_PROTOTYPES = YES;
				CLANG_WARN_SUSPICIOUS_MOVE = YES;
				CLANG_WARN_UNGUARDED_AVAILABILITY = YES_AGGRESSIVE;
				CLANG_WARN_UNREACHABLE_CODE = YES;
				CLANG_WARN__DUPLICATE_METHOD_MATCH = YES;
				CODE_SIGN_IDENTITY = "iPhone Developer";
				COPY_PHASE_STRIP = NO;
				DEBUG_INFORMATION_FORMAT = dwarf;
				ENABLE_STRICT_OBJC_MSGSEND = YES;
				ENABLE_TESTABILITY = YES;
				GCC_C_LANGUAGE_STANDARD = gnu11;
				GCC_DYNAMIC_NO_PIC = NO;
				GCC_NO_COMMON_BLOCKS = YES;
				GCC_OPTIMIZATION_LEVEL = 0;
				GCC_PREPROCESSOR_DEFINITIONS = (
					"DEBUG=1",
					"$(inherited)",
				);
				GCC_WARN_64_TO_32_BIT_CONVERSION = YES;
				GCC_WARN_ABOUT_RETURN_TYPE = YES_ERROR;
				GCC_WARN_UNDECLARED_SELECTOR = YES;
				GCC_WARN_UNINITIALIZED_AUTOS = YES_AGGRESSIVE;
				GCC_WARN_UNUSED_FUNCTION = YES;
				GCC_WARN_UNUSED_VARIABLE = YES;
				IPHONEOS_DEPLOYMENT_TARGET = 12.4;
				MTL_ENABLE_DEBUG_INFO = INCLUDE_SOURCE;
				MTL_FAST_MATH = YES;
				ONLY_ACTIVE_ARCH = YES;
				SDKROOT = iphoneos;
				SWIFT_ACTIVE_COMPILATION_CONDITIONS = DEBUG;
				SWIFT_OPTIMIZATION_LEVEL = "-Onone";
			};
			name = Debug;
		};
		3E22FF7C23385CDA005FE5D1 /* Release */ = {
			isa = XCBuildConfiguration;
			buildSettings = {
				ALWAYS_SEARCH_USER_PATHS = NO;
				CLANG_ANALYZER_LOCALIZABILITY_NONLOCALIZED = YES;
				CLANG_ANALYZER_NONNULL = YES;
				CLANG_ANALYZER_NUMBER_OBJECT_CONVERSION = YES_AGGRESSIVE;
				CLANG_CXX_LANGUAGE_STANDARD = "gnu++14";
				CLANG_CXX_LIBRARY = "libc++";
				CLANG_ENABLE_MODULES = YES;
				CLANG_ENABLE_OBJC_ARC = YES;
				CLANG_ENABLE_OBJC_WEAK = YES;
				CLANG_WARN_BLOCK_CAPTURE_AUTORELEASING = YES;
				CLANG_WARN_BOOL_CONVERSION = YES;
				CLANG_WARN_COMMA = YES;
				CLANG_WARN_CONSTANT_CONVERSION = YES;
				CLANG_WARN_DEPRECATED_OBJC_IMPLEMENTATIONS = YES;
				CLANG_WARN_DIRECT_OBJC_ISA_USAGE = YES_ERROR;
				CLANG_WARN_DOCUMENTATION_COMMENTS = YES;
				CLANG_WARN_EMPTY_BODY = YES;
				CLANG_WARN_ENUM_CONVERSION = YES;
				CLANG_WARN_INFINITE_RECURSION = YES;
				CLANG_WARN_INT_CONVERSION = YES;
				CLANG_WARN_NON_LITERAL_NULL_CONVERSION = YES;
				CLANG_WARN_OBJC_IMPLICIT_RETAIN_SELF = YES;
				CLANG_WARN_OBJC_LITERAL_CONVERSION = YES;
				CLANG_WARN_OBJC_ROOT_CLASS = YES_ERROR;
				CLANG_WARN_RANGE_LOOP_ANALYSIS = YES;
				CLANG_WARN_STRICT_PROTOTYPES = YES;
				CLANG_WARN_SUSPICIOUS_MOVE = YES;
				CLANG_WARN_UNGUARDED_AVAILABILITY = YES_AGGRESSIVE;
				CLANG_WARN_UNREACHABLE_CODE = YES;
				CLANG_WARN__DUPLICATE_METHOD_MATCH = YES;
				CODE_SIGN_IDENTITY = "iPhone Developer";
				COPY_PHASE_STRIP = NO;
				DEBUG_INFORMATION_FORMAT = "dwarf-with-dsym";
				ENABLE_NS_ASSERTIONS = NO;
				ENABLE_STRICT_OBJC_MSGSEND = YES;
				GCC_C_LANGUAGE_STANDARD = gnu11;
				GCC_NO_COMMON_BLOCKS = YES;
				GCC_WARN_64_TO_32_BIT_CONVERSION = YES;
				GCC_WARN_ABOUT_RETURN_TYPE = YES_ERROR;
				GCC_WARN_UNDECLARED_SELECTOR = YES;
				GCC_WARN_UNINITIALIZED_AUTOS = YES_AGGRESSIVE;
				GCC_WARN_UNUSED_FUNCTION = YES;
				GCC_WARN_UNUSED_VARIABLE = YES;
				IPHONEOS_DEPLOYMENT_TARGET = 12.4;
				MTL_ENABLE_DEBUG_INFO = NO;
				MTL_FAST_MATH = YES;
				SDKROOT = iphoneos;
				SWIFT_COMPILATION_MODE = wholemodule;
				SWIFT_OPTIMIZATION_LEVEL = "-O";
				VALIDATE_PRODUCT = YES;
			};
			name = Release;
		};
		3E22FF7E23385CDA005FE5D1 /* Debug */ = {
			isa = XCBuildConfiguration;
			buildSettings = {
				ASSETCATALOG_COMPILER_APPICON_NAME = AppIcon;
				CODE_SIGN_STYLE = Automatic;
				INFOPLIST_FILE = MyCV/Info.plist;
				LD_RUNPATH_SEARCH_PATHS = (
					"$(inherited)",
					"@executable_path/Frameworks",
				);
				PRODUCT_BUNDLE_IDENTIFIER = crg.ios.cv.MyCV;
				PRODUCT_NAME = "$(TARGET_NAME)";
				SWIFT_VERSION = 5.0;
				TARGETED_DEVICE_FAMILY = "1,2";
			};
			name = Debug;
		};
		3E22FF7F23385CDA005FE5D1 /* Release */ = {
			isa = XCBuildConfiguration;
			buildSettings = {
				ASSETCATALOG_COMPILER_APPICON_NAME = AppIcon;
				CODE_SIGN_STYLE = Automatic;
				INFOPLIST_FILE = MyCV/Info.plist;
				LD_RUNPATH_SEARCH_PATHS = (
					"$(inherited)",
					"@executable_path/Frameworks",
				);
				PRODUCT_BUNDLE_IDENTIFIER = crg.ios.cv.MyCV;
				PRODUCT_NAME = "$(TARGET_NAME)";
				SWIFT_VERSION = 5.0;
				TARGETED_DEVICE_FAMILY = "1,2";
			};
			name = Release;
		};
		3E22FF8123385CDA005FE5D1 /* Debug */ = {
			isa = XCBuildConfiguration;
			buildSettings = {
				ALWAYS_EMBED_SWIFT_STANDARD_LIBRARIES = YES;
				BUNDLE_LOADER = "$(TEST_HOST)";
				CODE_SIGN_STYLE = Automatic;
				INFOPLIST_FILE = MyCVTests/Info.plist;
				LD_RUNPATH_SEARCH_PATHS = (
					"$(inherited)",
					"@executable_path/Frameworks",
					"@loader_path/Frameworks",
				);
				PRODUCT_BUNDLE_IDENTIFIER = crg.ios.cv.MyCVTests;
				PRODUCT_NAME = "$(TARGET_NAME)";
				SWIFT_VERSION = 5.0;
				TARGETED_DEVICE_FAMILY = "1,2";
				TEST_HOST = "$(BUILT_PRODUCTS_DIR)/MyCV.app/MyCV";
			};
			name = Debug;
		};
		3E22FF8223385CDA005FE5D1 /* Release */ = {
			isa = XCBuildConfiguration;
			buildSettings = {
				ALWAYS_EMBED_SWIFT_STANDARD_LIBRARIES = YES;
				BUNDLE_LOADER = "$(TEST_HOST)";
				CODE_SIGN_STYLE = Automatic;
				INFOPLIST_FILE = MyCVTests/Info.plist;
				LD_RUNPATH_SEARCH_PATHS = (
					"$(inherited)",
					"@executable_path/Frameworks",
					"@loader_path/Frameworks",
				);
				PRODUCT_BUNDLE_IDENTIFIER = crg.ios.cv.MyCVTests;
				PRODUCT_NAME = "$(TARGET_NAME)";
				SWIFT_VERSION = 5.0;
				TARGETED_DEVICE_FAMILY = "1,2";
				TEST_HOST = "$(BUILT_PRODUCTS_DIR)/MyCV.app/MyCV";
			};
			name = Release;
		};
		3E22FF8423385CDA005FE5D1 /* Debug */ = {
			isa = XCBuildConfiguration;
			buildSettings = {
				ALWAYS_EMBED_SWIFT_STANDARD_LIBRARIES = YES;
				CODE_SIGN_STYLE = Automatic;
				INFOPLIST_FILE = MyCVUITests/Info.plist;
				LD_RUNPATH_SEARCH_PATHS = (
					"$(inherited)",
					"@executable_path/Frameworks",
					"@loader_path/Frameworks",
				);
				PRODUCT_BUNDLE_IDENTIFIER = crg.ios.cv.MyCVUITests;
				PRODUCT_NAME = "$(TARGET_NAME)";
				SWIFT_VERSION = 5.0;
				TARGETED_DEVICE_FAMILY = "1,2";
				TEST_TARGET_NAME = MyCV;
			};
			name = Debug;
		};
		3E22FF8523385CDA005FE5D1 /* Release */ = {
			isa = XCBuildConfiguration;
			buildSettings = {
				ALWAYS_EMBED_SWIFT_STANDARD_LIBRARIES = YES;
				CODE_SIGN_STYLE = Automatic;
				INFOPLIST_FILE = MyCVUITests/Info.plist;
				LD_RUNPATH_SEARCH_PATHS = (
					"$(inherited)",
					"@executable_path/Frameworks",
					"@loader_path/Frameworks",
				);
				PRODUCT_BUNDLE_IDENTIFIER = crg.ios.cv.MyCVUITests;
				PRODUCT_NAME = "$(TARGET_NAME)";
				SWIFT_VERSION = 5.0;
				TARGETED_DEVICE_FAMILY = "1,2";
				TEST_TARGET_NAME = MyCV;
			};
			name = Release;
		};
/* End XCBuildConfiguration section */

/* Begin XCConfigurationList section */
		3E22FF5023385CD7005FE5D1 /* Build configuration list for PBXProject "MyCV" */ = {
			isa = XCConfigurationList;
			buildConfigurations = (
				3E22FF7B23385CDA005FE5D1 /* Debug */,
				3E22FF7C23385CDA005FE5D1 /* Release */,
			);
			defaultConfigurationIsVisible = 0;
			defaultConfigurationName = Release;
		};
		3E22FF7D23385CDA005FE5D1 /* Build configuration list for PBXNativeTarget "MyCV" */ = {
			isa = XCConfigurationList;
			buildConfigurations = (
				3E22FF7E23385CDA005FE5D1 /* Debug */,
				3E22FF7F23385CDA005FE5D1 /* Release */,
			);
			defaultConfigurationIsVisible = 0;
			defaultConfigurationName = Release;
		};
		3E22FF8023385CDA005FE5D1 /* Build configuration list for PBXNativeTarget "MyCVTests" */ = {
			isa = XCConfigurationList;
			buildConfigurations = (
				3E22FF8123385CDA005FE5D1 /* Debug */,
				3E22FF8223385CDA005FE5D1 /* Release */,
			);
			defaultConfigurationIsVisible = 0;
			defaultConfigurationName = Release;
		};
		3E22FF8323385CDA005FE5D1 /* Build configuration list for PBXNativeTarget "MyCVUITests" */ = {
			isa = XCConfigurationList;
			buildConfigurations = (
				3E22FF8423385CDA005FE5D1 /* Debug */,
				3E22FF8523385CDA005FE5D1 /* Release */,
			);
			defaultConfigurationIsVisible = 0;
			defaultConfigurationName = Release;
		};
/* End XCConfigurationList section */
	};
	rootObject = 3E22FF4D23385CD7005FE5D1 /* Project object */;
}
